<?xml version="1.0" encoding="utf-8"?>
<Project ToolsVersion="4.0" xmlns="http://schemas.microsoft.com/developer/msbuild/2003">
  <ItemGroup>
    <Filter Include="源文件">
      <UniqueIdentifier>{4FC737F1-C7A5-4376-A066-2A32D752A2FF}</UniqueIdentifier>
      <Extensions>cpp;c;cc;cxx;def;odl;idl;hpj;bat;asm;asmx</Extensions>
    </Filter>
    <Filter Include="头文件">
      <UniqueIdentifier>{93995380-89BD-4b04-88EB-625FBE52EBFB}</UniqueIdentifier>
      <Extensions>h;hh;hpp;hxx;hm;inl;inc;xsd</Extensions>
    </Filter>
    <Filter Include="资源文件">
      <UniqueIdentifier>{67DA6AB6-F800-4c08-8B7A-83BB121AAD01}</UniqueIdentifier>
      <Extensions>rc;ico;cur;bmp;dlg;rc2;rct;bin;rgs;gif;jpg;jpeg;jpe;resx;tiff;tif;png;wav;mfcribbon-ms</Extensions>
    </Filter>
  </ItemGroup>
  <ItemGroup>
    <ClCompile Include="glad.c">
      <Filter>源文件</Filter>
    </ClCompile>
    <ClCompile Include="2.5.hello_triangle_exercise3\hello_triangle_exercise3.cpp">
      <Filter>源文件</Filter>
    </ClCompile>
    <ClCompile Include="3.1.shaders_uniform\shaders_uniform.cpp">
      <Filter>源文件</Filter>
    </ClCompile>
    <ClCompile Include="3.2.shaders_interpolation\shaders_interpolation.cpp">
      <Filter>源文件</Filter>
    </ClCompile>
    <ClCompile Include="3.3.shaders_class\shaders_class.cpp">
      <Filter>源文件</Filter>
    </ClCompile>
    <ClCompile Include="4.6.textures_exercise4\textures_exercise4.cpp">
      <Filter>源文件</Filter>
    </ClCompile>
    <ClCompile Include="5.2.transformations_exercise2\transformations_exercise2.cpp">
      <Filter>源文件</Filter>
    </ClCompile>
    <ClCompile Include="6.1.coordinate_systems\coordinate_systems.cpp">
      <Filter>源文件</Filter>
    </ClCompile>
    <ClCompile Include="6.2.coordinate_systems_depth\coordinate_systems_depth.cpp">
      <Filter>源文件</Filter>
    </ClCompile>
    <ClCompile Include="6.3.coordinate_systems_multiple\coordinate_systems_multiple.cpp">
      <Filter>源文件</Filter>
    </ClCompile>
    <ClCompile Include="7.2.camera_keyboard_dt\camera_keyboard_dt.cpp">
      <Filter>源文件</Filter>
    </ClCompile>
    <ClCompile Include="7.3.camera_mouse_zoom\camera_mouse_zoom.cpp">
      <Filter>源文件</Filter>
    </ClCompile>
    <ClCompile Include="7.4.camera_class\camera_class.cpp">
      <Filter>源文件</Filter>
    </ClCompile>
    <ClCompile Include="1.colors\colors.cpp">
      <Filter>源文件</Filter>
    </ClCompile>
    <ClCompile Include="2.1.basic_lighting_diffuse\basic_lighting_diffuse.cpp">
      <Filter>源文件</Filter>
    </ClCompile>
    <ClCompile Include="2.2.basic_lighting_specular\basic_lighting_specular.cpp">
      <Filter>源文件</Filter>
    </ClCompile>
    <ClCompile Include="2.3.basic_lighting_exercise1\basic_lighting_exercise1.cpp">
      <Filter>源文件</Filter>
    </ClCompile>
    <ClCompile Include="2.4.basic_lighting_exercise2\basic_lighting_exercise2.cpp">
      <Filter>源文件</Filter>
    </ClCompile>
    <ClCompile Include="2.5.basic_lighting_exercise3\basic_lighting_exercise3.cpp">
      <Filter>源文件</Filter>
    </ClCompile>
    <ClCompile Include="3.1.materials\materials.cpp">
      <Filter>源文件</Filter>
    </ClCompile>
    <ClCompile Include="3.2.materials_exercise1\materials_exercise1.cpp">
      <Filter>源文件</Filter>
    </ClCompile>
    <ClCompile Include="4.1.lighting_maps_diffuse_map\lighting_maps_diffuse.cpp">
      <Filter>源文件</Filter>
    </ClCompile>
    <ClCompile Include="4.2.lighting_maps_specular_map\lighting_maps_specular.cpp">
      <Filter>源文件</Filter>
    </ClCompile>
    <ClCompile Include="4.3.lighting_maps_exercise2\lighting_maps_exercise2.cpp">
      <Filter>源文件</Filter>
    </ClCompile>
    <ClCompile Include="4.4.lighting_maps_exercise4\lighting_maps_exercise4.cpp">
      <Filter>源文件</Filter>
    </ClCompile>
    <ClCompile Include="5.1.light_casters_directional\light_casters_directional.cpp">
      <Filter>源文件</Filter>
    </ClCompile>
    <ClCompile Include="5.2.light_casters_point\light_casters_point.cpp">
      <Filter>源文件</Filter>
    </ClCompile>
    <ClCompile Include="5.3.light_casters_spot\light_casters_spot.cpp">
      <Filter>源文件</Filter>
    </ClCompile>
    <ClCompile Include="5.4.light_casters_spot_soft\light_casters_spot_soft.cpp">
      <Filter>源文件</Filter>
    </ClCompile>
    <ClCompile Include="6.multiple_lights\multiple_lights.cpp">
      <Filter>源文件</Filter>
    </ClCompile>
    <ClCompile Include="6.multiple_lights_exercise1\multiple_lights_exercise1.cpp">
      <Filter>源文件</Filter>
    </ClCompile>
  </ItemGroup>
  <ItemGroup>
    <None Include="3.3.shaders_class\3.3.shader.fs">
      <Filter>源文件</Filter>
    </None>
    <None Include="3.3.shaders_class\3.3.shader.vs">
      <Filter>源文件</Filter>
    </None>
    <None Include="4.6.textures_exercise4\4.5.texture.fs">
      <Filter>源文件</Filter>
    </None>
    <None Include="4.6.textures_exercise4\4.5.texture.vs">
      <Filter>源文件</Filter>
    </None>
    <None Include="5.2.transformations_exercise2\5.2.transform.fs">
      <Filter>源文件</Filter>
    </None>
    <None Include="5.2.transformations_exercise2\5.2.transform.vs">
      <Filter>源文件</Filter>
    </None>
    <None Include="6.1.coordinate_systems\6.1.coordinate_systems.fs">
      <Filter>源文件</Filter>
    </None>
    <None Include="6.1.coordinate_systems\6.1.coordinate_systems.vs">
      <Filter>源文件</Filter>
    </None>
    <None Include="6.2.coordinate_systems_depth\6.2.coordinate_systems.fs">
      <Filter>源文件</Filter>
    </None>
    <None Include="6.2.coordinate_systems_depth\6.2.coordinate_systems.vs">
      <Filter>源文件</Filter>
    </None>
    <None Include="6.3.coordinate_systems_multiple\6.3.coordinate_systems.fs">
      <Filter>源文件</Filter>
    </None>
    <None Include="6.3.coordinate_systems_multiple\6.3.coordinate_systems.vs">
      <Filter>源文件</Filter>
    </None>
    <None Include="7.2.camera_keyboard_dt\7.2.camera.fs">
      <Filter>源文件</Filter>
    </None>
    <None Include="7.2.camera_keyboard_dt\7.2.camera.vs">
      <Filter>源文件</Filter>
    </None>
    <None Include="7.3.camera_mouse_zoom\7.3.camera.fs">
      <Filter>源文件</Filter>
    </None>
    <None Include="7.3.camera_mouse_zoom\7.3.camera.vs">
      <Filter>源文件</Filter>
    </None>
    <None Include="7.4.camera_class\7.4.camera.fs">
      <Filter>源文件</Filter>
    </None>
    <None Include="7.4.camera_class\7.4.camera.vs">
      <Filter>源文件</Filter>
    </None>
  </ItemGroup>
</Project>